{
  "name": "gardenstore-main",
  "version": "1.0.0",
  "lockfileVersion": 3,
  "requires": true,
  "packages": {
    "": {
      "name": "gardenstore-main",
      "version": "1.0.0",
      "license": "ISC",
      "dependencies": {
        "@types/jasmine": "^5.1.13"
      }
    },
    "node_modules/@types/jasmine": {
      "version": "5.1.13",
      "resolved": "https://registry.npmjs.org/@types/jasmine/-/jasmine-5.1.13.tgz",
      "integrity": "sha512-MYCcDkruFc92LeYZux5BC0dmqo2jk+M5UIZ4/oFnAPCXN9mCcQhLyj7F3/Za7rocVyt5YRr1MmqJqFlvQ9LVcg==",
      "license": "MIT"
    }
  }
}
